
Microsoft Visual Studio Solution File, Format Version 12.00
# Visual Studio 15
VisualStudioVersion = 15.0.28307.168
MinimumVisualStudioVersion = 10.0.40219.1
Project("{D954291E-2A0B-460D-934E-DC6B0785DB48}") = "PlayFabBuddy.Core.SharedProject", "PlayFabBuddy.Core.SharedProject\PlayFabBuddy.Core.SharedProject.shproj", "{C4FEB55C-85E5-4641-97A9-786CA6C0346B}"
EndProject
Project("{FAE04EC0-301F-11D3-BF4B-00C04F79EFBC}") = "PlayFabBuddy.Core.Android", "PlayFabBuddy.Core.Android\PlayFabBuddy.Core.Android.csproj", "{0388401C-8E29-45D6-BC09-A8FF0A42E293}"
EndProject
Project("{FAE04EC0-301F-11D3-BF4B-00C04F79EFBC}") = "PlayFabBuddy.Core.iOS", "PlayFabBuddy.Core.iOS\PlayFabBuddy.Core.iOS.csproj", "{E71F3053-056C-4381-9638-048ED73BDFF6}"
EndProject
Project("{FAE04EC0-301F-11D3-BF4B-00C04F79EFBC}") = "PlayFabBuddy.Core.WindowsDX", "PlayFabBuddy.Core.WindowsDX\PlayFabBuddy.Core.WindowsDX.csproj", "{6C3FCAA6-00E1-4EB9-A55C-EDFD9BC5FE83}"
EndProject
Project("{2150E333-8FDC-42A3-9474-1A3956D46DE8}") = "Solution Items", "Solution Items", "{51B24029-C932-4634-82E4-35D2807920E5}"
	ProjectSection(SolutionItems) = preProject
		buildNugetPackages.ps1 = buildNugetPackages.ps1
		PlayFabBuddy.Core.nuspec = PlayFabBuddy.Core.nuspec
	EndProjectSection
EndProject
Global
	GlobalSection(SharedMSBuildProjectFiles) = preSolution
		PlayFabBuddy.Core.SharedProject\PlayFabBuddy.Core.projitems*{0388401c-8e29-45d6-bc09-a8ff0a42e293}*SharedItemsImports = 4
		PlayFabBuddy.Core.SharedProject\PlayFabBuddy.Core.projitems*{6c3fcaa6-00e1-4eb9-a55c-edfd9bc5fe83}*SharedItemsImports = 4
		PlayFabBuddy.Core.SharedProject\PlayFabBuddy.Core.projitems*{c4feb55c-85e5-4641-97a9-786ca6c0346b}*SharedItemsImports = 13
		PlayFabBuddy.Core.SharedProject\PlayFabBuddy.Core.projitems*{e71f3053-056c-4381-9638-048ed73bdff6}*SharedItemsImports = 4
	EndGlobalSection
	GlobalSection(SolutionConfigurationPlatforms) = preSolution
		Ad-Hoc|Any CPU = Ad-Hoc|Any CPU
		Ad-Hoc|iPhone = Ad-Hoc|iPhone
		Ad-Hoc|iPhoneSimulator = Ad-Hoc|iPhoneSimulator
		Ad-Hoc|x86 = Ad-Hoc|x86
		AppStore|Any CPU = AppStore|Any CPU
		AppStore|iPhone = AppStore|iPhone
		AppStore|iPhoneSimulator = AppStore|iPhoneSimulator
		AppStore|x86 = AppStore|x86
		Debug|Any CPU = Debug|Any CPU
		Debug|iPhone = Debug|iPhone
		Debug|iPhoneSimulator = Debug|iPhoneSimulator
		Debug|x86 = Debug|x86
		Release|Any CPU = Release|Any CPU
		Release|iPhone = Release|iPhone
		Release|iPhoneSimulator = Release|iPhoneSimulator
		Release|x86 = Release|x86
	EndGlobalSection
	GlobalSection(ProjectConfigurationPlatforms) = postSolution
		{0388401C-8E29-45D6-BC09-A8FF0A42E293}.Ad-Hoc|Any CPU.ActiveCfg = Release|Any CPU
		{0388401C-8E29-45D6-BC09-A8FF0A42E293}.Ad-Hoc|Any CPU.Build.0 = Release|Any CPU
		{0388401C-8E29-45D6-BC09-A8FF0A42E293}.Ad-Hoc|iPhone.ActiveCfg = Release|Any CPU
		{0388401C-8E29-45D6-BC09-A8FF0A42E293}.Ad-Hoc|iPhone.Build.0 = Release|Any CPU
		{0388401C-8E29-45D6-BC09-A8FF0A42E293}.Ad-Hoc|iPhoneSimulator.ActiveCfg = Release|Any CPU
		{0388401C-8E29-45D6-BC09-A8FF0A42E293}.Ad-Hoc|iPhoneSimulator.Build.0 = Release|Any CPU
		{0388401C-8E29-45D6-BC09-A8FF0A42E293}.Ad-Hoc|x86.ActiveCfg = Release|Any CPU
		{0388401C-8E29-45D6-BC09-A8FF0A42E293}.Ad-Hoc|x86.Build.0 = Release|Any CPU
		{0388401C-8E29-45D6-BC09-A8FF0A42E293}.AppStore|Any CPU.ActiveCfg = Release|Any CPU
		{0388401C-8E29-45D6-BC09-A8FF0A42E293}.AppStore|Any CPU.Build.0 = Release|Any CPU
		{0388401C-8E29-45D6-BC09-A8FF0A42E293}.AppStore|iPhone.ActiveCfg = Release|Any CPU
		{0388401C-8E29-45D6-BC09-A8FF0A42E293}.AppStore|iPhone.Build.0 = Release|Any CPU
		{0388401C-8E29-45D6-BC09-A8FF0A42E293}.AppStore|iPhoneSimulator.ActiveCfg = Release|Any CPU
		{0388401C-8E29-45D6-BC09-A8FF0A42E293}.AppStore|iPhoneSimulator.Build.0 = Release|Any CPU
		{0388401C-8E29-45D6-BC09-A8FF0A42E293}.AppStore|x86.ActiveCfg = Release|Any CPU
		{0388401C-8E29-45D6-BC09-A8FF0A42E293}.AppStore|x86.Build.0 = Release|Any CPU
		{0388401C-8E29-45D6-BC09-A8FF0A42E293}.Debug|Any CPU.ActiveCfg = Debug|Any CPU
		{0388401C-8E29-45D6-BC09-A8FF0A42E293}.Debug|Any CPU.Build.0 = Debug|Any CPU
		{0388401C-8E29-45D6-BC09-A8FF0A42E293}.Debug|iPhone.ActiveCfg = Debug|Any CPU
		{0388401C-8E29-45D6-BC09-A8FF0A42E293}.Debug|iPhone.Build.0 = Debug|Any CPU
		{0388401C-8E29-45D6-BC09-A8FF0A42E293}.Debug|iPhoneSimulator.ActiveCfg = Debug|Any CPU
		{0388401C-8E29-45D6-BC09-A8FF0A42E293}.Debug|iPhoneSimulator.Build.0 = Debug|Any CPU
		{0388401C-8E29-45D6-BC09-A8FF0A42E293}.Debug|x86.ActiveCfg = Debug|Any CPU
		{0388401C-8E29-45D6-BC09-A8FF0A42E293}.Debug|x86.Build.0 = Debug|Any CPU
		{0388401C-8E29-45D6-BC09-A8FF0A42E293}.Release|Any CPU.ActiveCfg = Release|Any CPU
		{0388401C-8E29-45D6-BC09-A8FF0A42E293}.Release|Any CPU.Build.0 = Release|Any CPU
		{0388401C-8E29-45D6-BC09-A8FF0A42E293}.Release|iPhone.ActiveCfg = Release|Any CPU
		{0388401C-8E29-45D6-BC09-A8FF0A42E293}.Release|iPhone.Build.0 = Release|Any CPU
		{0388401C-8E29-45D6-BC09-A8FF0A42E293}.Release|iPhoneSimulator.ActiveCfg = Release|Any CPU
		{0388401C-8E29-45D6-BC09-A8FF0A42E293}.Release|iPhoneSimulator.Build.0 = Release|Any CPU
		{0388401C-8E29-45D6-BC09-A8FF0A42E293}.Release|x86.ActiveCfg = Release|Any CPU
		{0388401C-8E29-45D6-BC09-A8FF0A42E293}.Release|x86.Build.0 = Release|Any CPU
		{E71F3053-056C-4381-9638-048ED73BDFF6}.Ad-Hoc|Any CPU.ActiveCfg = Release|Any CPU
		{E71F3053-056C-4381-9638-048ED73BDFF6}.Ad-Hoc|Any CPU.Build.0 = Release|Any CPU
		{E71F3053-056C-4381-9638-048ED73BDFF6}.Ad-Hoc|iPhone.ActiveCfg = Release|Any CPU
		{E71F3053-056C-4381-9638-048ED73BDFF6}.Ad-Hoc|iPhone.Build.0 = Release|Any CPU
		{E71F3053-056C-4381-9638-048ED73BDFF6}.Ad-Hoc|iPhoneSimulator.ActiveCfg = Release|Any CPU
		{E71F3053-056C-4381-9638-048ED73BDFF6}.Ad-Hoc|iPhoneSimulator.Build.0 = Release|Any CPU
		{E71F3053-056C-4381-9638-048ED73BDFF6}.Ad-Hoc|x86.ActiveCfg = Release|Any CPU
		{E71F3053-056C-4381-9638-048ED73BDFF6}.Ad-Hoc|x86.Build.0 = Release|Any CPU
		{E71F3053-056C-4381-9638-048ED73BDFF6}.AppStore|Any CPU.ActiveCfg = Release|Any CPU
		{E71F3053-056C-4381-9638-048ED73BDFF6}.AppStore|Any CPU.Build.0 = Release|Any CPU
		{E71F3053-056C-4381-9638-048ED73BDFF6}.AppStore|iPhone.ActiveCfg = Release|Any CPU
		{E71F3053-056C-4381-9638-048ED73BDFF6}.AppStore|iPhone.Build.0 = Release|Any CPU
		{E71F3053-056C-4381-9638-048ED73BDFF6}.AppStore|iPhoneSimulator.ActiveCfg = Release|Any CPU
		{E71F3053-056C-4381-9638-048ED73BDFF6}.AppStore|iPhoneSimulator.Build.0 = Release|Any CPU
		{E71F3053-056C-4381-9638-048ED73BDFF6}.AppStore|x86.ActiveCfg = Release|Any CPU
		{E71F3053-056C-4381-9638-048ED73BDFF6}.AppStore|x86.Build.0 = Release|Any CPU
		{E71F3053-056C-4381-9638-048ED73BDFF6}.Debug|Any CPU.ActiveCfg = Debug|Any CPU
		{E71F3053-056C-4381-9638-048ED73BDFF6}.Debug|Any CPU.Build.0 = Debug|Any CPU
		{E71F3053-056C-4381-9638-048ED73BDFF6}.Debug|iPhone.ActiveCfg = Debug|Any CPU
		{E71F3053-056C-4381-9638-048ED73BDFF6}.Debug|iPhone.Build.0 = Debug|Any CPU
		{E71F3053-056C-4381-9638-048ED73BDFF6}.Debug|iPhoneSimulator.ActiveCfg = Debug|Any CPU
		{E71F3053-056C-4381-9638-048ED73BDFF6}.Debug|iPhoneSimulator.Build.0 = Debug|Any CPU
		{E71F3053-056C-4381-9638-048ED73BDFF6}.Debug|x86.ActiveCfg = Debug|Any CPU
		{E71F3053-056C-4381-9638-048ED73BDFF6}.Debug|x86.Build.0 = Debug|Any CPU
		{E71F3053-056C-4381-9638-048ED73BDFF6}.Release|Any CPU.ActiveCfg = Release|Any CPU
		{E71F3053-056C-4381-9638-048ED73BDFF6}.Release|Any CPU.Build.0 = Release|Any CPU
		{E71F3053-056C-4381-9638-048ED73BDFF6}.Release|iPhone.ActiveCfg = Release|Any CPU
		{E71F3053-056C-4381-9638-048ED73BDFF6}.Release|iPhone.Build.0 = Release|Any CPU
		{E71F3053-056C-4381-9638-048ED73BDFF6}.Release|iPhoneSimulator.ActiveCfg = Release|Any CPU
		{E71F3053-056C-4381-9638-048ED73BDFF6}.Release|iPhoneSimulator.Build.0 = Release|Any CPU
		{E71F3053-056C-4381-9638-048ED73BDFF6}.Release|x86.ActiveCfg = Release|Any CPU
		{E71F3053-056C-4381-9638-048ED73BDFF6}.Release|x86.Build.0 = Release|Any CPU
		{6C3FCAA6-00E1-4EB9-A55C-EDFD9BC5FE83}.Ad-Hoc|Any CPU.ActiveCfg = Release|Any CPU
		{6C3FCAA6-00E1-4EB9-A55C-EDFD9BC5FE83}.Ad-Hoc|Any CPU.Build.0 = Release|Any CPU
		{6C3FCAA6-00E1-4EB9-A55C-EDFD9BC5FE83}.Ad-Hoc|iPhone.ActiveCfg = Release|Any CPU
		{6C3FCAA6-00E1-4EB9-A55C-EDFD9BC5FE83}.Ad-Hoc|iPhone.Build.0 = Release|Any CPU
		{6C3FCAA6-00E1-4EB9-A55C-EDFD9BC5FE83}.Ad-Hoc|iPhoneSimulator.ActiveCfg = Release|Any CPU
		{6C3FCAA6-00E1-4EB9-A55C-EDFD9BC5FE83}.Ad-Hoc|iPhoneSimulator.Build.0 = Release|Any CPU
		{6C3FCAA6-00E1-4EB9-A55C-EDFD9BC5FE83}.Ad-Hoc|x86.ActiveCfg = Release|Any CPU
		{6C3FCAA6-00E1-4EB9-A55C-EDFD9BC5FE83}.Ad-Hoc|x86.Build.0 = Release|Any CPU
		{6C3FCAA6-00E1-4EB9-A55C-EDFD9BC5FE83}.AppStore|Any CPU.ActiveCfg = Release|Any CPU
		{6C3FCAA6-00E1-4EB9-A55C-EDFD9BC5FE83}.AppStore|Any CPU.Build.0 = Release|Any CPU
		{6C3FCAA6-00E1-4EB9-A55C-EDFD9BC5FE83}.AppStore|iPhone.ActiveCfg = Release|Any CPU
		{6C3FCAA6-00E1-4EB9-A55C-EDFD9BC5FE83}.AppStore|iPhone.Build.0 = Release|Any CPU
		{6C3FCAA6-00E1-4EB9-A55C-EDFD9BC5FE83}.AppStore|iPhoneSimulator.ActiveCfg = Release|Any CPU
		{6C3FCAA6-00E1-4EB9-A55C-EDFD9BC5FE83}.AppStore|iPhoneSimulator.Build.0 = Release|Any CPU
		{6C3FCAA6-00E1-4EB9-A55C-EDFD9BC5FE83}.AppStore|x86.ActiveCfg = Release|Any CPU
		{6C3FCAA6-00E1-4EB9-A55C-EDFD9BC5FE83}.AppStore|x86.Build.0 = Release|Any CPU
		{6C3FCAA6-00E1-4EB9-A55C-EDFD9BC5FE83}.Debug|Any CPU.ActiveCfg = Debug|Any CPU
		{6C3FCAA6-00E1-4EB9-A55C-EDFD9BC5FE83}.Debug|Any CPU.Build.0 = Debug|Any CPU
		{6C3FCAA6-00E1-4EB9-A55C-EDFD9BC5FE83}.Debug|iPhone.ActiveCfg = Debug|Any CPU
		{6C3FCAA6-00E1-4EB9-A55C-EDFD9BC5FE83}.Debug|iPhone.Build.0 = Debug|Any CPU
		{6C3FCAA6-00E1-4EB9-A55C-EDFD9BC5FE83}.Debug|iPhoneSimulator.ActiveCfg = Debug|Any CPU
		{6C3FCAA6-00E1-4EB9-A55C-EDFD9BC5FE83}.Debug|iPhoneSimulator.Build.0 = Debug|Any CPU
		{6C3FCAA6-00E1-4EB9-A55C-EDFD9BC5FE83}.Debug|x86.ActiveCfg = Debug|Any CPU
		{6C3FCAA6-00E1-4EB9-A55C-EDFD9BC5FE83}.Debug|x86.Build.0 = Debug|Any CPU
		{6C3FCAA6-00E1-4EB9-A55C-EDFD9BC5FE83}.Release|Any CPU.ActiveCfg = Release|Any CPU
		{6C3FCAA6-00E1-4EB9-A55C-EDFD9BC5FE83}.Release|Any CPU.Build.0 = Release|Any CPU
		{6C3FCAA6-00E1-4EB9-A55C-EDFD9BC5FE83}.Release|iPhone.ActiveCfg = Release|Any CPU
		{6C3FCAA6-00E1-4EB9-A55C-EDFD9BC5FE83}.Release|iPhone.Build.0 = Release|Any CPU
		{6C3FCAA6-00E1-4EB9-A55C-EDFD9BC5FE83}.Release|iPhoneSimulator.ActiveCfg = Release|Any CPU
		{6C3FCAA6-00E1-4EB9-A55C-EDFD9BC5FE83}.Release|iPhoneSimulator.Build.0 = Release|Any CPU
		{6C3FCAA6-00E1-4EB9-A55C-EDFD9BC5FE83}.Release|x86.ActiveCfg = Release|Any CPU
		{6C3FCAA6-00E1-4EB9-A55C-EDFD9BC5FE83}.Release|x86.Build.0 = Release|Any CPU
	EndGlobalSection
	GlobalSection(SolutionProperties) = preSolution
		HideSolutionNode = FALSE
	EndGlobalSection
	GlobalSection(ExtensibilityGlobals) = postSolution
		SolutionGuid = {BCCF43E9-E5AA-413C-8D6E-2AB545D61F6F}
	EndGlobalSection
EndGlobal
